// !$*UTF8*$!
{
	archiveVersion = 1;
	classes = {
	};
	objectVersion = 55;
	objects = {

/* Begin PBXBuildFile section */
		AB8FC56D2BF2969400DE22D1 /* AppDelegate.swift in Sources */ = {isa = PBXBuildFile; fileRef = AB8FC56C2BF2969400DE22D1 /* AppDelegate.swift */; };
		AB8FC56F2BF2969400DE22D1 /* SceneDelegate.swift in Sources */ = {isa = PBXBuildFile; fileRef = AB8FC56E2BF2969400DE22D1 /* SceneDelegate.swift */; };
		AB8FC5712BF2969400DE22D1 /* ViewController.swift in Sources */ = {isa = PBXBuildFile; fileRef = AB8FC5702BF2969400DE22D1 /* ViewController.swift */; };
		AB8FC5742BF2969400DE22D1 /* Main.storyboard in Resources */ = {isa = PBXBuildFile; fileRef = AB8FC5722BF2969400DE22D1 /* Main.storyboard */; };
		AB8FC5772BF2969400DE22D1 /* SuniSoundBoard.xcdatamodeld in Sources */ = {isa = PBXBuildFile; fileRef = AB8FC5752BF2969400DE22D1 /* SuniSoundBoard.xcdatamodeld */; };
		AB8FC5792BF2969600DE22D1 /* Assets.xcassets in Resources */ = {isa = PBXBuildFile; fileRef = AB8FC5782BF2969600DE22D1 /* Assets.xcassets */; };
		AB8FC57C2BF2969600DE22D1 /* LaunchScreen.storyboard in Resources */ = {isa = PBXBuildFile; fileRef = AB8FC57A2BF2969600DE22D1 /* LaunchScreen.storyboard */; };
		AB8FC5842BF29FF900DE22D1 /* SoundViewController.swift in Sources */ = {isa = PBXBuildFile; fileRef = AB8FC5832BF29FF900DE22D1 /* SoundViewController.swift */; };
/* End PBXBuildFile section */

/* Begin PBXFileReference section */
		AB8FC5692BF2969400DE22D1 /* SuniSoundBoard.app */ = {isa = PBXFileReference; explicitFileType = wrapper.application; includeInIndex = 0; path = SuniSoundBoard.app; sourceTree = BUILT_PRODUCTS_DIR; };
		AB8FC56C2BF2969400DE22D1 /* AppDelegate.swift */ = {isa = PBXFileReference; lastKnownFileType = sourcecode.swift; path = AppDelegate.swift; sourceTree = "<group>"; };
		AB8FC56E2BF2969400DE22D1 /* SceneDelegate.swift */ = {isa = PBXFileReference; lastKnownFileType = sourcecode.swift; path = SceneDelegate.swift; sourceTree = "<group>"; };
		AB8FC5702BF2969400DE22D1 /* ViewController.swift */ = {isa = PBXFileReference; lastKnownFileType = sourcecode.swift; path = ViewController.swift; sourceTree = "<group>"; };
		AB8FC5732BF2969400DE22D1 /* Base */ = {isa = PBXFileReference; lastKnownFileType = file.storyboard; name = Base; path = Base.lproj/Main.storyboard; sourceTree = "<group>"; };
		AB8FC5762BF2969400DE22D1 /* SuniSoundBoard.xcdatamodel */ = {isa = PBXFileReference; lastKnownFileType = wrapper.xcdatamodel; path = SuniSoundBoard.xcdatamodel; sourceTree = "<group>"; };
		AB8FC5782BF2969600DE22D1 /* Assets.xcassets */ = {isa = PBXFileReference; lastKnownFileType = folder.assetcatalog; path = Assets.xcassets; sourceTree = "<group>"; };
		AB8FC57B2BF2969600DE22D1 /* Base */ = {isa = PBXFileReference; lastKnownFileType = file.storyboard; name = Base; path = Base.lproj/LaunchScreen.storyboard; sourceTree = "<group>"; };
		AB8FC57D2BF2969600DE22D1 /* Info.plist */ = {isa = PBXFileReference; lastKnownFileType = text.plist.xml; path = Info.plist; sourceTree = "<group>"; };
		AB8FC5832BF29FF900DE22D1 /* SoundViewController.swift */ = {isa = PBXFileReference; lastKnownFileType = sourcecode.swift; path = SoundViewController.swift; sourceTree = "<group>"; };
/* End PBXFileReference section */

/* Begin PBXFrameworksBuildPhase section */
		AB8FC5662BF2969400DE22D1 /* Frameworks */ = {
			isa = PBXFrameworksBuildPhase;
			buildActionMask = 2147483647;
			files = (
			);
			runOnlyForDeploymentPostprocessing = 0;
		};
/* End PBXFrameworksBuildPhase section */

/* Begin PBXGroup section */
		AB8FC5602BF2969400DE22D1 = {
			isa = PBXGroup;
			children = (
				AB8FC56B2BF2969400DE22D1 /* SuniSoundBoard */,
				AB8FC56A2BF2969400DE22D1 /* Products */,
			);
			sourceTree = "<group>";
		};
		AB8FC56A2BF2969400DE22D1 /* Products */ = {
			isa = PBXGroup;
			children = (
				AB8FC5692BF2969400DE22D1 /* SuniSoundBoard.app */,
			);
			name = Products;
			sourceTree = "<group>";
		};
		AB8FC56B2BF2969400DE22D1 /* SuniSoundBoard */ = {
			isa = PBXGroup;
			children = (
				AB8FC56C2BF2969400DE22D1 /* AppDelegate.swift */,
				AB8FC56E2BF2969400DE22D1 /* SceneDelegate.swift */,
				AB8FC5702BF2969400DE22D1 /* ViewController.swift */,
				AB8FC5722BF2969400DE22D1 /* Main.storyboard */,
				AB8FC5832BF29FF900DE22D1 /* SoundViewController.swift */,
				AB8FC5782BF2969600DE22D1 /* Assets.xcassets */,
				AB8FC57A2BF2969600DE22D1 /* LaunchScreen.storyboard */,
				AB8FC57D2BF2969600DE22D1 /* Info.plist */,
				AB8FC5752BF2969400DE22D1 /* SuniSoundBoard.xcdatamodeld */,
			);
			path = SuniSoundBoard;
			sourceTree = "<group>";
		};
/* End PBXGroup section */

/* Begin PBXNativeTarget section */
		AB8FC5682BF2969400DE22D1 /* SuniSoundBoard */ = {
			isa = PBXNativeTarget;
			buildConfigurationList = AB8FC5802BF2969600DE22D1 /* Build configuration list for PBXNativeTarget "SuniSoundBoard" */;
			buildPhases = (
				AB8FC5652BF2969400DE22D1 /* Sources */,
				AB8FC5662BF2969400DE22D1 /* Frameworks */,
				AB8FC5672BF2969400DE22D1 /* Resources */,
			);
			buildRules = (
			);
			dependencies = (
			);
			name = SuniSoundBoard;
			productName = SuniSoundBoard;
			productReference = AB8FC5692BF2969400DE22D1 /* SuniSoundBoard.app */;
			productType = "com.apple.product-type.application";
		};
/* End PBXNativeTarget section */

/* Begin PBXProject section */
		AB8FC5612BF2969400DE22D1 /* Project object */ = {
			isa = PBXProject;
			attributes = {
				BuildIndependentTargetsInParallel = 1;
				LastSwiftUpdateCheck = 1330;
				LastUpgradeCheck = 1330;
				TargetAttributes = {
					AB8FC5682BF2969400DE22D1 = {
						CreatedOnToolsVersion = 13.3.1;
					};
				};
			};
			buildConfigurationList = AB8FC5642BF2969400DE22D1 /* Build configuration list for PBXProject "SuniSoundBoard" */;
			compatibilityVersion = "Xcode 13.0";
			developmentRegion = en;
			hasScannedForEncodings = 0;
			knownRegions = (
				en,
				Base,
			);
			mainGroup = AB8FC5602BF2969400DE22D1;
			productRefGroup = AB8FC56A2BF2969400DE22D1 /* Products */;
			projectDirPath = "";
			projectRoot = "";
			targets = (
				AB8FC5682BF2969400DE22D1 /* SuniSoundBoard */,
			);
		};
/* End PBXProject section */

/* Begin PBXResourcesBuildPhase section */
		AB8FC5672BF2969400DE22D1 /* Resources */ = {
			isa = PBXResourcesBuildPhase;
			buildActionMask = 2147483647;
			files = (
				AB8FC57C2BF2969600DE22D1 /* LaunchScreen.storyboard in Resources */,
				AB8FC5792BF2969600DE22D1 /* Assets.xcassets in Resources */,
				AB8FC5742BF2969400DE22D1 /* Main.storyboard in Resources */,
			);
			runOnlyForDeploymentPostprocessing = 0;
		};
/* End PBXResourcesBuildPhase section */

/* Begin PBXSourcesBuildPhase section */
		AB8FC5652BF2969400DE22D1 /* Sources */ = {
			isa = PBXSourcesBuildPhase;
			buildActionMask = 2147483647;
			files = (
				AB8FC5712BF2969400DE22D1 /* ViewController.swift in Sources */,
				AB8FC56D2BF2969400DE22D1 /* AppDelegate.swift in Sources */,
				AB8FC56F2BF2969400DE22D1 /* SceneDelegate.swift in Sources */,
				AB8FC5772BF2969400DE22D1 /* SuniSoundBoard.xcdatamodeld in Sources */,
				AB8FC5842BF29FF900DE22D1 /* SoundViewController.swift in Sources */,
			);
			runOnlyForDeploymentPostprocessing = 0;
		};
/* End PBXSourcesBuildPhase section */

/* Begin PBXVariantGroup section */
		AB8FC5722BF2969400DE22D1 /* Main.storyboard */ = {
			isa = PBXVariantGroup;
			children = (
				AB8FC5732BF2969400DE22D1 /* Base */,
			);
			name = Main.storyboard;
			sourceTree = "<group>";
		};
		AB8FC57A2BF2969600DE22D1 /* LaunchScreen.storyboard */ = {
			isa = PBXVariantGroup;
			children = (
				AB8FC57B2BF2969600DE22D1 /* Base */,
			);
			name = LaunchScreen.storyboard;
			sourceTree = "<group>";
		};
/* End PBXVariantGroup section */

/* Begin XCBuildConfiguration section */
		AB8FC57E2BF2969600DE22D1 /* Debug */ = {
			isa = XCBuildConfiguration;
			buildSettings = {
				ALWAYS_SEARCH_USER_PATHS = NO;
				CLANG_ANALYZER_NONNULL = YES;
				CLANG_ANALYZER_NUMBER_OBJECT_CONVERSION = YES_AGGRESSIVE;
				CLANG_CXX_LANGUAGE_STANDARD = "gnu++17";
				CLANG_ENABLE_MODULES = YES;
				CLANG_ENABLE_OBJC_ARC = YES;
				CLANG_ENABLE_OBJC_WEAK = YES;
				CLANG_WARN_BLOCK_CAPTURE_AUTORELEASING = YES;
				CLANG_WARN_BOOL_CONVERSION = YES;
				CLANG_WARN_COMMA = YES;
				CLANG_WARN_CONSTANT_CONVERSION = YES;
				CLANG_WARN_DEPRECATED_OBJC_IMPLEMENTATIONS = YES;
				CLANG_WARN_DIRECT_OBJC_ISA_USAGE = YES_ERROR;
				CLANG_WARN_DOCUMENTATION_COMMENTS = YES;
				CLANG_WARN_EMPTY_BODY = YES;
				CLANG_WARN_ENUM_CONVERSION = YES;
				CLANG_WARN_INFINITE_RECURSION = YES;
				CLANG_WARN_INT_CONVERSION = YES;
				CLANG_WARN_NON_LITERAL_NULL_CONVERSION = YES;
				CLANG_WARN_OBJC_IMPLICIT_RETAIN_SELF = YES;
				CLANG_WARN_OBJC_LITERAL_CONVERSION = YES;
				CLANG_WARN_OBJC_ROOT_CLASS = YES_ERROR;
				CLANG_WARN_QUOTED_INCLUDE_IN_FRAMEWORK_HEADER = YES;
				CLANG_WARN_RANGE_LOOP_ANALYSIS = YES;
				CLANG_WARN_STRICT_PROTOTYPES = YES;
				CLANG_WARN_SUSPICIOUS_MOVE = YES;
				CLANG_WARN_UNGUARDED_AVAILABILITY = YES_AGGRESSIVE;
				CLANG_WARN_UNREACHABLE_CODE = YES;
				CLANG_WARN__DUPLICATE_METHOD_MATCH = YES;
				COPY_PHASE_STRIP = NO;
				DEBUG_INFORMATION_FORMAT = dwarf;
				ENABLE_STRICT_OBJC_MSGSEND = YES;
				ENABLE_TESTABILITY = YES;
				GCC_C_LANGUAGE_STANDARD = gnu11;
				GCC_DYNAMIC_NO_PIC = NO;
				GCC_NO_COMMON_BLOCKS = YES;
				GCC_OPTIMIZATION_LEVEL = 0;
				GCC_PREPROCESSOR_DEFINITIONS = (
					"DEBUG=1",
					"$(inherited)",
				);
				GCC_WARN_64_TO_32_BIT_CONVERSION = YES;
				GCC_WARN_ABOUT_RETURN_TYPE = YES_ERROR;
				GCC_WARN_UNDECLARED_SELECTOR = YES;
				GCC_WARN_UNINITIALIZED_AUTOS = YES_AGGRESSIVE;
				GCC_WARN_UNUSED_FUNCTION = YES;
				GCC_WARN_UNUSED_VARIABLE = YES;
				IPHONEOS_DEPLOYMENT_TARGET = 15.4;
				MTL_ENABLE_DEBUG_INFO = INCLUDE_SOURCE;
				MTL_FAST_MATH = YES;
				ONLY_ACTIVE_ARCH = YES;
				SDKROOT = iphoneos;
				SWIFT_ACTIVE_COMPILATION_CONDITIONS = DEBUG;
				SWIFT_OPTIMIZATION_LEVEL = "-Onone";
			};
			name = Debug;
		};
		AB8FC57F2BF2969600DE22D1 /* Release */ = {
			isa = XCBuildConfiguration;
			buildSettings = {
				ALWAYS_SEARCH_USER_PATHS = NO;
				CLANG_ANALYZER_NONNULL = YES;
				CLANG_ANALYZER_NUMBER_OBJECT_CONVERSION = YES_AGGRESSIVE;
				CLANG_CXX_LANGUAGE_STANDARD = "gnu++17";
				CLANG_ENABLE_MODULES = YES;
				CLANG_ENABLE_OBJC_ARC = YES;
				CLANG_ENABLE_OBJC_WEAK = YES;
				CLANG_WARN_BLOCK_CAPTURE_AUTORELEASING = YES;
				CLANG_WARN_BOOL_CONVERSION = YES;
				CLANG_WARN_COMMA = YES;
				CLANG_WARN_CONSTANT_CONVERSION = YES;
				CLANG_WARN_DEPRECATED_OBJC_IMPLEMENTATIONS = YES;
				CLANG_WARN_DIRECT_OBJC_ISA_USAGE = YES_ERROR;
				CLANG_WARN_DOCUMENTATION_COMMENTS = YES;
				CLANG_WARN_EMPTY_BODY = YES;
				CLANG_WARN_ENUM_CONVERSION = YES;
				CLANG_WARN_INFINITE_RECURSION = YES;
				CLANG_WARN_INT_CONVERSION = YES;
				CLANG_WARN_NON_LITERAL_NULL_CONVERSION = YES;
				CLANG_WARN_OBJC_IMPLICIT_RETAIN_SELF = YES;
				CLANG_WARN_OBJC_LITERAL_CONVERSION = YES;
				CLANG_WARN_OBJC_ROOT_CLASS = YES_ERROR;
				CLANG_WARN_QUOTED_INCLUDE_IN_FRAMEWORK_HEADER = YES;
				CLANG_WARN_RANGE_LOOP_ANALYSIS = YES;
				CLANG_WARN_STRICT_PROTOTYPES = YES;
				CLANG_WARN_SUSPICIOUS_MOVE = YES;
				CLANG_WARN_UNGUARDED_AVAILABILITY = YES_AGGRESSIVE;
				CLANG_WARN_UNREACHABLE_CODE = YES;
				CLANG_WARN__DUPLICATE_METHOD_MATCH = YES;
				COPY_PHASE_STRIP = NO;
				DEBUG_INFORMATION_FORMAT = "dwarf-with-dsym";
				ENABLE_NS_ASSERTIONS = NO;
				ENABLE_STRICT_OBJC_MSGSEND = YES;
				GCC_C_LANGUAGE_STANDARD = gnu11;
				GCC_NO_COMMON_BLOCKS = YES;
				GCC_WARN_64_TO_32_BIT_CONVERSION = YES;
				GCC_WARN_ABOUT_RETURN_TYPE = YES_ERROR;
				GCC_WARN_UNDECLARED_SELECTOR = YES;
				GCC_WARN_UNINITIALIZED_AUTOS = YES_AGGRESSIVE;
				GCC_WARN_UNUSED_FUNCTION = YES;
				GCC_WARN_UNUSED_VARIABLE = YES;
				IPHONEOS_DEPLOYMENT_TARGET = 15.4;
				MTL_ENABLE_DEBUG_INFO = NO;
				MTL_FAST_MATH = YES;
				SDKROOT = iphoneos;
				SWIFT_COMPILATION_MODE = wholemodule;
				SWIFT_OPTIMIZATION_LEVEL = "-O";
				VALIDATE_PRODUCT = YES;
			};
			name = Release;
		};
		AB8FC5812BF2969600DE22D1 /* Debug */ = {
			isa = XCBuildConfiguration;
			buildSettings = {
				ASSETCATALOG_COMPILER_APPICON_NAME = AppIcon;
				ASSETCATALOG_COMPILER_GLOBAL_ACCENT_COLOR_NAME = AccentColor;
				CODE_SIGN_STYLE = Automatic;
				CURRENT_PROJECT_VERSION = 1;
				GENERATE_INFOPLIST_FILE = YES;
				INFOPLIST_FILE = SuniSoundBoard/Info.plist;
				INFOPLIST_KEY_UIApplicationSupportsIndirectInputEvents = YES;
				INFOPLIST_KEY_UILaunchStoryboardName = LaunchScreen;
				INFOPLIST_KEY_UIMainStoryboardFile = Main;
				INFOPLIST_KEY_UISupportedInterfaceOrientations_iPad = "UIInterfaceOrientationPortrait UIInterfaceOrientationPortraitUpsideDown UIInterfaceOrientationLandscapeLeft UIInterfaceOrientationLandscapeRight";
				INFOPLIST_KEY_UISupportedInterfaceOrientations_iPhone = "UIInterfaceOrientationPortrait UIInterfaceOrientationLandscapeLeft UIInterfaceOrientationLandscapeRight";
				LD_RUNPATH_SEARCH_PATHS = (
					"$(inherited)",
					"@executable_path/Frameworks",
				);
				MARKETING_VERSION = 1.0;
				PRODUCT_BUNDLE_IDENTIFIER = deah.SuniSoundBoard;
				PRODUCT_NAME = "$(TARGET_NAME)";
				SWIFT_EMIT_LOC_STRINGS = YES;
				SWIFT_VERSION = 5.0;
				TARGETED_DEVICE_FAMILY = "1,2";
			};
			name = Debug;
		};
		AB8FC5822BF2969600DE22D1 /* Release */ = {
			isa = XCBuildConfiguration;
			buildSettings = {
				ASSETCATALOG_COMPILER_APPICON_NAME = AppIcon;
				ASSETCATALOG_COMPILER_GLOBAL_ACCENT_COLOR_NAME = AccentColor;
				CODE_SIGN_STYLE = Automatic;
				CURRENT_PROJECT_VERSION = 1;
				GENERATE_INFOPLIST_FILE = YES;
				INFOPLIST_FILE = SuniSoundBoard/Info.plist;
				INFOPLIST_KEY_UIApplicationSupportsIndirectInputEvents = YES;
				INFOPLIST_KEY_UILaunchStoryboardName = LaunchScreen;
				INFOPLIST_KEY_UIMainStoryboardFile = Main;
				INFOPLIST_KEY_UISupportedInterfaceOrientations_iPad = "UIInterfaceOrientationPortrait UIInterfaceOrientationPortraitUpsideDown UIInterfaceOrientationLandscapeLeft UIInterfaceOrientationLandscapeRight";
				INFOPLIST_KEY_UISupportedInterfaceOrientations_iPhone = "UIInterfaceOrientationPortrait UIInterfaceOrientationLandscapeLeft UIInterfaceOrientationLandscapeRight";
				LD_RUNPATH_SEARCH_PATHS = (
					"$(inherited)",
					"@executable_path/Frameworks",
				);
				MARKETING_VERSION = 1.0;
				PRODUCT_BUNDLE_IDENTIFIER = deah.SuniSoundBoard;
				PRODUCT_NAME = "$(TARGET_NAME)";
				SWIFT_EMIT_LOC_STRINGS = YES;
				SWIFT_VERSION = 5.0;
				TARGETED_DEVICE_FAMILY = "1,2";
			};
			name = Release;
		};
/* End XCBuildConfiguration section */

/* Begin XCConfigurationList section */
		AB8FC5642BF2969400DE22D1 /* Build configuration list for PBXProject "SuniSoundBoard" */ = {
			isa = XCConfigurationList;
			buildConfigurations = (
				AB8FC57E2BF2969600DE22D1 /* Debug */,
				AB8FC57F2BF2969600DE22D1 /* Release */,
			);
			defaultConfigurationIsVisible = 0;
			defaultConfigurationName = Release;
		};
		AB8FC5802BF2969600DE22D1 /* Build configuration list for PBXNativeTarget "SuniSoundBoard" */ = {
			isa = XCConfigurationList;
			buildConfigurations = (
				AB8FC5812BF2969600DE22D1 /* Debug */,
				AB8FC5822BF2969600DE22D1 /* Release */,
			);
			defaultConfigurationIsVisible = 0;
			defaultConfigurationName = Release;
		};
/* End XCConfigurationList section */

/* Begin XCVersionGroup section */
		AB8FC5752BF2969400DE22D1 /* SuniSoundBoard.xcdatamodeld */ = {
			isa = XCVersionGroup;
			children = (
				AB8FC5762BF2969400DE22D1 /* SuniSoundBoard.xcdatamodel */,
			);
			currentVersion = AB8FC5762BF2969400DE22D1 /* SuniSoundBoard.xcdatamodel */;
			path = SuniSoundBoard.xcdatamodeld;
			sourceTree = "<group>";
			versionGroupType = wrapper.xcdatamodel;
		};
/* End XCVersionGroup section */
	};
	rootObject = AB8FC5612BF2969400DE22D1 /* Project object */;
}
